
Microsoft Visual Studio Solution File, Format Version 12.00
# Visual Studio Version 17
VisualStudioVersion = 17.6.33723.286
MinimumVisualStudioVersion = 10.0.40219.1
Project("{FAE04EC0-301F-11D3-BF4B-00C04F79EFBC}") = "EcommerceWeb", "Ecommerce\EcommerceWeb.csproj", "{DCD46764-5517-444B-AEDF-835761CD2D0F}"
EndProject
Project("{FAE04EC0-301F-11D3-BF4B-00C04F79EFBC}") = "Data", "Data\Data.csproj", "{FCF183B0-8B92-43FF-97FF-F8071031B3AF}"
EndProject
Project("{FAE04EC0-301F-11D3-BF4B-00C04F79EFBC}") = "Models", "Models\Models.csproj", "{838CA913-708A-432F-B8D3-9B89EAD3E167}"
EndProject
Global
	GlobalSection(SolutionConfigurationPlatforms) = preSolution
		Debug|Any CPU = Debug|Any CPU
		Release|Any CPU = Release|Any CPU
	EndGlobalSection
	GlobalSection(ProjectConfigurationPlatforms) = postSolution
		{DCD46764-5517-444B-AEDF-835761CD2D0F}.Debug|Any CPU.ActiveCfg = Debug|Any CPU
		{DCD46764-5517-444B-AEDF-835761CD2D0F}.Debug|Any CPU.Build.0 = Debug|Any CPU
		{DCD46764-5517-444B-AEDF-835761CD2D0F}.Release|Any CPU.ActiveCfg = Release|Any CPU
		{DCD46764-5517-444B-AEDF-835761CD2D0F}.Release|Any CPU.Build.0 = Release|Any CPU
		{FCF183B0-8B92-43FF-97FF-F8071031B3AF}.Debug|Any CPU.ActiveCfg = Debug|Any CPU
		{FCF183B0-8B92-43FF-97FF-F8071031B3AF}.Debug|Any CPU.Build.0 = Debug|Any CPU
		{FCF183B0-8B92-43FF-97FF-F8071031B3AF}.Release|Any CPU.ActiveCfg = Release|Any CPU
		{FCF183B0-8B92-43FF-97FF-F8071031B3AF}.Release|Any CPU.Build.0 = Release|Any CPU
		{838CA913-708A-432F-B8D3-9B89EAD3E167}.Debug|Any CPU.ActiveCfg = Debug|Any CPU
		{838CA913-708A-432F-B8D3-9B89EAD3E167}.Debug|Any CPU.Build.0 = Debug|Any CPU
		{838CA913-708A-432F-B8D3-9B89EAD3E167}.Release|Any CPU.ActiveCfg = Release|Any CPU
		{838CA913-708A-432F-B8D3-9B89EAD3E167}.Release|Any CPU.Build.0 = Release|Any CPU
	EndGlobalSection
	GlobalSection(SolutionProperties) = preSolution
		HideSolutionNode = FALSE
	EndGlobalSection
	GlobalSection(ExtensibilityGlobals) = postSolution
		SolutionGuid = {00F50ABC-832A-4E30-8A0E-A4C0B7EDA630}
	EndGlobalSection
EndGlobal
